{
  "pins" : [
    {
      "identity" : "commandant",
      "kind" : "remoteSourceControl",
      "location" : "https://github.com/Carthage/Commandant.git",
      "state" : {
        "revision" : "a1671cf728db837cf5ec1980a80d276bbba748f6",
        "version" : "0.18.0"
      }
    },
    {
      "identity" : "curry",
      "kind" : "remoteSourceControl",
      "location" : "https://github.com/thoughtbot/Curry.git",
      "state" : {
        "revision" : "56f657c8a68dde445cc46630ccc84989213d93e8",
        "version" : "5.0.0"
      }
    },
    {
      "identity" : "markdowngenerator",
      "kind" : "remoteSourceControl",
      "location" : "https://github.com/eneko/MarkdownGenerator.git",
      "state" : {
        "revision" : "1fc31be6b66245187c3f87f35d86b6aeac6dfe7f",
        "version" : "0.5.0"
      }
    },
    {
      "identity" : "processrunner",
      "kind" : "remoteSourceControl",
      "location" : "https://github.com/eneko/ProcessRunner.git",
      "state" : {
        "revision" : "bedc55797b206bff50f652ffad8269223320fee5",
        "version" : "1.1.0"
      }
    },
    {
      "identity" : "rainbow",
      "kind" : "remoteSourceControl",
      "location" : "https://github.com/onevcat/Rainbow",
      "state" : {
        "revision" : "626c3d4b6b55354b4af3aa309f998fae9b31a3d9",
        "version" : "3.2.0"
      }
    },
    {
      "identity" : "sourcedocs",
      "kind" : "remoteSourceControl",
      "location" : "https://github.com/eneko/SourceDocs.git",
      "state" : {
        "revision" : "fb0e489e3a26c789aad3adbe43e2169f50f485e8",
        "version" : "2.0.1"
      }
    },
    {
      "identity" : "sourcekitten",
      "kind" : "remoteSourceControl",
      "location" : "https://github.com/jpsim/SourceKitten.git",
      "state" : {
        "revision" : "817dfa6f2e09b0476f3a6c9dbc035991f02f0241",
        "version" : "0.32.0"
      }
    },
    {
      "identity" : "swift-argument-parser",
      "kind" : "remoteSourceControl",
      "location" : "https://github.com/apple/swift-argument-parser.git",
      "state" : {
        "revision" : "fddd1c00396eed152c45a46bea9f47b98e59301d",
        "version" : "1.2.0"
      }
    },
    {
      "identity" : "swiftformat",
      "kind" : "remoteSourceControl",
      "location" : "https://github.com/nicklockwood/SwiftFormat",
      "state" : {
        "revision" : "3a5a4b9baa2ad2f6bb528351807eefbf3b9c0786",
        "version" : "0.50.3"
      }
    },
    {
      "identity" : "swxmlhash",
      "kind" : "remoteSourceControl",
      "location" : "https://github.com/drmohundro/SWXMLHash.git",
      "state" : {
        "revision" : "6469881a3f30417c5bb02404ea4b69207f297592",
        "version" : "6.0.0"
      }
    },
    {
      "identity" : "yams",
      "kind" : "remoteSourceControl",
      "location" : "https://github.com/jpsim/Yams.git",
      "state" : {
        "revision" : "9ff1cc9327586db4e0c8f46f064b6a82ec1566fa",
        "version" : "4.0.6"
      }
    }
  ],
  "version" : 2
}
