{
  "object": {
    "pins": [
      {
        "package": "Commandant",
        "repositoryURL": "https://github.com/Carthage/Commandant.git",
        "state": {
          "branch": null,
          "revision": "ab68611013dec67413628ac87c1f29e8427bc8e4",
          "version": "0.17.0"
        }
      },
      {
        "package": "Curry",
        "repositoryURL": "https://github.com/thoughtbot/Curry.git",
        "state": {
          "branch": null,
          "revision": "4331dd50bc1db007db664a23f32e6f3df93d4e1a",
          "version": "4.0.2"
        }
      },
      {
        "package": "CwlCatchException",
        "repositoryURL": "https://github.com/mattgallagher/CwlCatchException.git",
        "state": {
          "branch": null,
          "revision": "7cd2f8cacc4d22f21bc0b2309c3b18acf7957b66",
          "version": "1.2.0"
        }
      },
      {
        "package": "CwlPreconditionTesting",
        "repositoryURL": "https://github.com/mattgallagher/CwlPreconditionTesting.git",
        "state": {
          "branch": null,
          "revision": "c228db5d2ad1b01ebc84435e823e6cca4e3db98b",
          "version": "1.2.0"
        }
      },
      {
        "package": "MarkdownGenerator",
        "repositoryURL": "https://github.com/eneko/MarkdownGenerator.git",
        "state": {
          "branch": null,
          "revision": "1fc31be6b66245187c3f87f35d86b6aeac6dfe7f",
          "version": "0.5.0"
        }
      },
      {
        "package": "Nimble",
        "repositoryURL": "https://github.com/Quick/Nimble.git",
        "state": {
          "branch": null,
          "revision": "6abeb3f5c03beba2b9e4dbe20886e773b5b629b6",
          "version": "8.0.4"
        }
      },
      {
        "package": "Quick",
        "repositoryURL": "https://github.com/Quick/Quick.git",
        "state": {
          "branch": null,
          "revision": "33682c2f6230c60614861dfc61df267e11a1602f",
          "version": "2.2.0"
        }
      },
      {
        "package": "Rainbow",
        "repositoryURL": "https://github.com/onevcat/Rainbow",
        "state": {
          "branch": null,
          "revision": "9c52c1952e9b2305d4507cf473392ac2d7c9b155",
          "version": "3.1.5"
        }
      },
      {
        "package": "SourceDocs",
        "repositoryURL": "https://github.com/eneko/SourceDocs.git",
        "state": {
          "branch": null,
          "revision": "dfa6fdae84c555264ad9795dcb7d629339191c01",
          "version": "0.6.1"
        }
      },
      {
        "package": "SourceKitten",
        "repositoryURL": "https://github.com/jpsim/SourceKitten.git",
        "state": {
          "branch": null,
          "revision": "c0f960f72fa1e6151695074ffa696e4da6c45ce8",
          "version": "0.30.1"
        }
      },
      {
        "package": "llbuild",
        "repositoryURL": "https://github.com/apple/swift-llbuild.git",
        "state": {
          "branch": null,
          "revision": "f1c9ad9a253cdf1aa89a7f5c99c30b4513b06ddb",
          "version": "0.1.1"
        }
      },
      {
        "package": "SwiftPM",
        "repositoryURL": "https://github.com/apple/swift-package-manager.git",
        "state": {
          "branch": null,
          "revision": "8656a25cb906c1896339f950ac960ee1b4fe8034",
          "version": "0.4.0"
        }
      },
      {
        "package": "SwiftFormat",
        "repositoryURL": "https://github.com/nicklockwood/SwiftFormat",
        "state": {
          "branch": null,
          "revision": "768be83fb2c232f13ad75dc15056c5909e374ef6",
          "version": "0.40.14"
        }
      },
      {
        "package": "SWXMLHash",
        "repositoryURL": "https://github.com/drmohundro/SWXMLHash.git",
        "state": {
          "branch": null,
          "revision": "9183170d20857753d4f331b0ca63f73c60764bf3",
          "version": "5.0.2"
        }
      },
      {
        "package": "System",
        "repositoryURL": "https://github.com/eneko/System.git",
        "state": {
          "branch": null,
          "revision": "381352d9479fb9c75d99a5ae5503f7d560c62449",
          "version": "0.2.0"
        }
      },
      {
        "package": "Yams",
        "repositoryURL": "https://github.com/jpsim/Yams.git",
        "state": {
          "branch": null,
          "revision": "9ff1cc9327586db4e0c8f46f064b6a82ec1566fa",
          "version": "4.0.6"
        }
      }
    ]
  },
  "version": 1
}
